
Microsoft Visual Studio Solution File, Format Version 12.00
# Visual Studio Version 16
VisualStudioVersion = 16.0.30406.217
MinimumVisualStudioVersion = 10.0.40219.1
Project("{FAE04EC0-301F-11D3-BF4B-00C04F79EFBC}") = "HttpClientFactoryExtensions", "HttpClientFactoryExtensions.csproj", "{238D840A-A342-459E-9651-C2C3872162AF}"
EndProject
Global
	GlobalSection(SolutionConfigurationPlatforms) = preSolution
		Debug|Any CPU = Debug|Any CPU
		Release|Any CPU = Release|Any CPU
	EndGlobalSection
	GlobalSection(ProjectConfigurationPlatforms) = postSolution
		{238D840A-A342-459E-9651-C2C3872162AF}.Debug|Any CPU.ActiveCfg = Debug|Any CPU
		{238D840A-A342-459E-9651-C2C3872162AF}.Debug|Any CPU.Build.0 = Debug|Any CPU
		{238D840A-A342-459E-9651-C2C3872162AF}.Release|Any CPU.ActiveCfg = Release|Any CPU
		{238D840A-A342-459E-9651-C2C3872162AF}.Release|Any CPU.Build.0 = Release|Any CPU
	EndGlobalSection
	GlobalSection(SolutionProperties) = preSolution
		HideSolutionNode = FALSE
	EndGlobalSection
	GlobalSection(ExtensibilityGlobals) = postSolution
		SolutionGuid = {564BE2D6-707B-40BF-AC79-08336AD18886}
	EndGlobalSection
EndGlobal
